
Microsoft Visual Studio Solution File, Format Version 12.00
# Visual Studio Version 17
VisualStudioVersion = 17.11.35431.28
MinimumVisualStudioVersion = 10.0.40219.1
Project("{9A19103F-16F7-4668-BE54-9A1E7A4F7556}") = "MagicVilla_VillaAPI", "MagicVilla_VillaAPI\MagicVilla_VillaAPI.csproj", "{308388E0-C4EF-4572-A8B3-D49A5CC82CED}"
EndProject
Project("{FAE04EC0-301F-11D3-BF4B-00C04F79EFBC}") = "MagicVilla_Web", "MagicVilla_Web\MagicVilla_Web.csproj", "{D4D4EC88-6C33-48CF-A58D-80C736A8E4EE}"
EndProject
Project("{FAE04EC0-301F-11D3-BF4B-00C04F79EFBC}") = "MagicVilla_Utility", "MagicVilla_Utility\MagicVilla_Utility.csproj", "{6A4CA3DD-DDFF-4F6E-BC3E-C6BF411655C8}"
EndProject
Global
	GlobalSection(SolutionConfigurationPlatforms) = preSolution
		Debug|Any CPU = Debug|Any CPU
		Release|Any CPU = Release|Any CPU
	EndGlobalSection
	GlobalSection(ProjectConfigurationPlatforms) = postSolution
		{308388E0-C4EF-4572-A8B3-D49A5CC82CED}.Debug|Any CPU.ActiveCfg = Debug|Any CPU
		{308388E0-C4EF-4572-A8B3-D49A5CC82CED}.Debug|Any CPU.Build.0 = Debug|Any CPU
		{308388E0-C4EF-4572-A8B3-D49A5CC82CED}.Release|Any CPU.ActiveCfg = Release|Any CPU
		{308388E0-C4EF-4572-A8B3-D49A5CC82CED}.Release|Any CPU.Build.0 = Release|Any CPU
		{D4D4EC88-6C33-48CF-A58D-80C736A8E4EE}.Debug|Any CPU.ActiveCfg = Debug|Any CPU
		{D4D4EC88-6C33-48CF-A58D-80C736A8E4EE}.Debug|Any CPU.Build.0 = Debug|Any CPU
		{D4D4EC88-6C33-48CF-A58D-80C736A8E4EE}.Release|Any CPU.ActiveCfg = Release|Any CPU
		{D4D4EC88-6C33-48CF-A58D-80C736A8E4EE}.Release|Any CPU.Build.0 = Release|Any CPU
		{6A4CA3DD-DDFF-4F6E-BC3E-C6BF411655C8}.Debug|Any CPU.ActiveCfg = Debug|Any CPU
		{6A4CA3DD-DDFF-4F6E-BC3E-C6BF411655C8}.Debug|Any CPU.Build.0 = Debug|Any CPU
		{6A4CA3DD-DDFF-4F6E-BC3E-C6BF411655C8}.Release|Any CPU.ActiveCfg = Release|Any CPU
		{6A4CA3DD-DDFF-4F6E-BC3E-C6BF411655C8}.Release|Any CPU.Build.0 = Release|Any CPU
	EndGlobalSection
	GlobalSection(SolutionProperties) = preSolution
		HideSolutionNode = FALSE
	EndGlobalSection
	GlobalSection(ExtensibilityGlobals) = postSolution
		SolutionGuid = {2EEE87FE-193D-4228-8565-C9DFF7CC7BCD}
	EndGlobalSection
EndGlobal
